
Microsoft Visual Studio Solution File, Format Version 12.00
# Visual Studio 15
VisualStudioVersion = 15.0.26228.9
MinimumVisualStudioVersion = 10.0.40219.1
Project("{9A19103F-16F7-4668-BE54-9A1E7A4F7556}") = "Demo01", "Demo01\Demo01.csproj", "{78E44681-9A07-4438-A202-3FA6DCAE76C6}"
EndProject
Project("{FAE04EC0-301F-11D3-BF4B-00C04F79EFBC}") = "ASPNetMVC", "ASPNetMVC\ASPNetMVC.csproj", "{CA50D69C-7F7A-49EA-AE47-861FE326DD52}"
EndProject
Project("{FAE04EC0-301F-11D3-BF4B-00C04F79EFBC}") = "Demo02", "Demo02\Demo02.csproj", "{9096770A-F5F0-418A-936F-18177C7A0F5B}"
EndProject
Project("{2150E333-8FDC-42A3-9474-1A3956D46DE8}") = "WebApi", "WebApi", "{3B458828-3ECD-4D2C-8ED9-31C3043DA07A}"
EndProject
Project("{2150E333-8FDC-42A3-9474-1A3956D46DE8}") = "MVC", "MVC", "{9DDFC0E7-DE11-4186-A6EA-126555AC9C52}"
EndProject
Project("{2150E333-8FDC-42A3-9474-1A3956D46DE8}") = "EfCore", "EfCore", "{38CAA9F0-B490-4307-8305-6DB398612477}"
EndProject
Project("{FAE04EC0-301F-11D3-BF4B-00C04F79EFBC}") = "Demo.EfCore.Standard", "Demo.EfCore.Standard\Demo.EfCore.Standard.csproj", "{45A1CA63-91A2-4C45-AFA6-50FC263C0A30}"
EndProject
Project("{FAE04EC0-301F-11D3-BF4B-00C04F79EFBC}") = "Demo.EFCore.NetCore.UnitTests", "Demo.EFCore.NetCore.UnitTests\Demo.EFCore.NetCore.UnitTests.csproj", "{A2169644-C656-46A9-9F64-9BDC43AC4FC5}"
EndProject
Project("{FAE04EC0-301F-11D3-BF4B-00C04F79EFBC}") = "Demo.EFCore.Scaffolding", "Demo.EFCore.Scaffolding\Demo.EFCore.Scaffolding.csproj", "{055BE7BE-B715-460E-BF52-616CFD90F1FC}"
EndProject
Project("{2150E333-8FDC-42A3-9474-1A3956D46DE8}") = "Demo00", "Demo00", "{2F332B1F-838C-42A2-B327-A9EA5A71BC50}"
	ProjectSection(SolutionItems) = preProject
		Demo00\dotnetcore.md = Demo00\dotnetcore.md
	EndProjectSection
EndProject
Project("{2150E333-8FDC-42A3-9474-1A3956D46DE8}") = "Common", "Common", "{2F21127A-B30B-44E1-8E28-83554FFFD692}"
EndProject
Project("{FAE04EC0-301F-11D3-BF4B-00C04F79EFBC}") = "Demo.Common.Web", "Demo.Common.Web\Demo.Common.Web.csproj", "{A6FBAB4B-5DCD-4363-A1D9-D3A08A1CB02A}"
EndProject
Global
	GlobalSection(SolutionConfigurationPlatforms) = preSolution
		Debug|Any CPU = Debug|Any CPU
		Release|Any CPU = Release|Any CPU
	EndGlobalSection
	GlobalSection(ProjectConfigurationPlatforms) = postSolution
		{78E44681-9A07-4438-A202-3FA6DCAE76C6}.Debug|Any CPU.ActiveCfg = Debug|Any CPU
		{78E44681-9A07-4438-A202-3FA6DCAE76C6}.Debug|Any CPU.Build.0 = Debug|Any CPU
		{78E44681-9A07-4438-A202-3FA6DCAE76C6}.Release|Any CPU.ActiveCfg = Release|Any CPU
		{78E44681-9A07-4438-A202-3FA6DCAE76C6}.Release|Any CPU.Build.0 = Release|Any CPU
		{CA50D69C-7F7A-49EA-AE47-861FE326DD52}.Debug|Any CPU.ActiveCfg = Debug|Any CPU
		{CA50D69C-7F7A-49EA-AE47-861FE326DD52}.Debug|Any CPU.Build.0 = Debug|Any CPU
		{CA50D69C-7F7A-49EA-AE47-861FE326DD52}.Release|Any CPU.ActiveCfg = Release|Any CPU
		{CA50D69C-7F7A-49EA-AE47-861FE326DD52}.Release|Any CPU.Build.0 = Release|Any CPU
		{9096770A-F5F0-418A-936F-18177C7A0F5B}.Debug|Any CPU.ActiveCfg = Debug|Any CPU
		{9096770A-F5F0-418A-936F-18177C7A0F5B}.Debug|Any CPU.Build.0 = Debug|Any CPU
		{9096770A-F5F0-418A-936F-18177C7A0F5B}.Release|Any CPU.ActiveCfg = Release|Any CPU
		{9096770A-F5F0-418A-936F-18177C7A0F5B}.Release|Any CPU.Build.0 = Release|Any CPU
		{45A1CA63-91A2-4C45-AFA6-50FC263C0A30}.Debug|Any CPU.ActiveCfg = Debug|Any CPU
		{45A1CA63-91A2-4C45-AFA6-50FC263C0A30}.Debug|Any CPU.Build.0 = Debug|Any CPU
		{45A1CA63-91A2-4C45-AFA6-50FC263C0A30}.Release|Any CPU.ActiveCfg = Release|Any CPU
		{45A1CA63-91A2-4C45-AFA6-50FC263C0A30}.Release|Any CPU.Build.0 = Release|Any CPU
		{A2169644-C656-46A9-9F64-9BDC43AC4FC5}.Debug|Any CPU.ActiveCfg = Debug|Any CPU
		{A2169644-C656-46A9-9F64-9BDC43AC4FC5}.Debug|Any CPU.Build.0 = Debug|Any CPU
		{A2169644-C656-46A9-9F64-9BDC43AC4FC5}.Release|Any CPU.ActiveCfg = Release|Any CPU
		{A2169644-C656-46A9-9F64-9BDC43AC4FC5}.Release|Any CPU.Build.0 = Release|Any CPU
		{055BE7BE-B715-460E-BF52-616CFD90F1FC}.Debug|Any CPU.ActiveCfg = Debug|Any CPU
		{055BE7BE-B715-460E-BF52-616CFD90F1FC}.Debug|Any CPU.Build.0 = Debug|Any CPU
		{055BE7BE-B715-460E-BF52-616CFD90F1FC}.Release|Any CPU.ActiveCfg = Release|Any CPU
		{055BE7BE-B715-460E-BF52-616CFD90F1FC}.Release|Any CPU.Build.0 = Release|Any CPU
		{A6FBAB4B-5DCD-4363-A1D9-D3A08A1CB02A}.Debug|Any CPU.ActiveCfg = Debug|Any CPU
		{A6FBAB4B-5DCD-4363-A1D9-D3A08A1CB02A}.Debug|Any CPU.Build.0 = Debug|Any CPU
		{A6FBAB4B-5DCD-4363-A1D9-D3A08A1CB02A}.Release|Any CPU.ActiveCfg = Release|Any CPU
		{A6FBAB4B-5DCD-4363-A1D9-D3A08A1CB02A}.Release|Any CPU.Build.0 = Release|Any CPU
	EndGlobalSection
	GlobalSection(SolutionProperties) = preSolution
		HideSolutionNode = FALSE
	EndGlobalSection
	GlobalSection(NestedProjects) = preSolution
		{78E44681-9A07-4438-A202-3FA6DCAE76C6} = {9DDFC0E7-DE11-4186-A6EA-126555AC9C52}
		{CA50D69C-7F7A-49EA-AE47-861FE326DD52} = {9DDFC0E7-DE11-4186-A6EA-126555AC9C52}
		{9096770A-F5F0-418A-936F-18177C7A0F5B} = {3B458828-3ECD-4D2C-8ED9-31C3043DA07A}
		{45A1CA63-91A2-4C45-AFA6-50FC263C0A30} = {38CAA9F0-B490-4307-8305-6DB398612477}
		{A2169644-C656-46A9-9F64-9BDC43AC4FC5} = {38CAA9F0-B490-4307-8305-6DB398612477}
		{055BE7BE-B715-460E-BF52-616CFD90F1FC} = {38CAA9F0-B490-4307-8305-6DB398612477}
		{A6FBAB4B-5DCD-4363-A1D9-D3A08A1CB02A} = {2F21127A-B30B-44E1-8E28-83554FFFD692}
	EndGlobalSection
EndGlobal
